// !$*UTF8*$!
{
	archiveVersion = 1;
	classes = {
	};
	objectVersion = 56;
	objects = {

/* Begin PBXBuildFile section */
		2CF30ABC29B0ADD800DF5CD3 /* AppDelegate.swift in Sources */ = {isa = PBXBuildFile; fileRef = 2CF30ABB29B0ADD800DF5CD3 /* AppDelegate.swift */; };
		2CF30ABE29B0ADD800DF5CD3 /* SceneDelegate.swift in Sources */ = {isa = PBXBuildFile; fileRef = 2CF30ABD29B0ADD800DF5CD3 /* SceneDelegate.swift */; };
		2CF30AC029B0ADD800DF5CD3 /* ViewController.swift in Sources */ = {isa = PBXBuildFile; fileRef = 2CF30ABF29B0ADD800DF5CD3 /* ViewController.swift */; };
		2CF30AC329B0ADD800DF5CD3 /* Main.storyboard in Resources */ = {isa = PBXBuildFile; fileRef = 2CF30AC129B0ADD800DF5CD3 /* Main.storyboard */; };
		2CF30AC529B0ADD900DF5CD3 /* Assets.xcassets in Resources */ = {isa = PBXBuildFile; fileRef = 2CF30AC429B0ADD900DF5CD3 /* Assets.xcassets */; };
		2CF30AC829B0ADD900DF5CD3 /* LaunchScreen.storyboard in Resources */ = {isa = PBXBuildFile; fileRef = 2CF30AC629B0ADD900DF5CD3 /* LaunchScreen.storyboard */; };
		2CF30AD329B0ADD900DF5CD3 /* costiTests.swift in Sources */ = {isa = PBXBuildFile; fileRef = 2CF30AD229B0ADD900DF5CD3 /* costiTests.swift */; };
		2CF30ADD29B0ADD900DF5CD3 /* costiUITests.swift in Sources */ = {isa = PBXBuildFile; fileRef = 2CF30ADC29B0ADD900DF5CD3 /* costiUITests.swift */; };
		2CF30ADF29B0ADD900DF5CD3 /* costiUITestsLaunchTests.swift in Sources */ = {isa = PBXBuildFile; fileRef = 2CF30ADE29B0ADD900DF5CD3 /* costiUITestsLaunchTests.swift */; };
		2CF30AEC29B0AEB400DF5CD3 /* GoogleService-Info.plist in Resources */ = {isa = PBXBuildFile; fileRef = 2CF30AEB29B0AEB400DF5CD3 /* GoogleService-Info.plist */; };
		2CF30AEF29B0BE0900DF5CD3 /* FirebaseAnalytics in Frameworks */ = {isa = PBXBuildFile; productRef = 2CF30AEE29B0BE0900DF5CD3 /* FirebaseAnalytics */; };
		2CF30AF129B0BE0900DF5CD3 /* FirebaseDatabase in Frameworks */ = {isa = PBXBuildFile; productRef = 2CF30AF029B0BE0900DF5CD3 /* FirebaseDatabase */; };
		2CF30AF329B0BE0900DF5CD3 /* FirebaseFirestore in Frameworks */ = {isa = PBXBuildFile; productRef = 2CF30AF229B0BE0900DF5CD3 /* FirebaseFirestore */; };
		2CF30AF529B0BE0900DF5CD3 /* FirebaseStorage in Frameworks */ = {isa = PBXBuildFile; productRef = 2CF30AF429B0BE0900DF5CD3 /* FirebaseStorage */; };
/* End PBXBuildFile section */

/* Begin PBXContainerItemProxy section */
		2CF30ACF29B0ADD900DF5CD3 /* PBXContainerItemProxy */ = {
			isa = PBXContainerItemProxy;
			containerPortal = 2CF30AB029B0ADD800DF5CD3 /* Project object */;
			proxyType = 1;
			remoteGlobalIDString = 2CF30AB729B0ADD800DF5CD3;
			remoteInfo = costi;
		};
		2CF30AD929B0ADD900DF5CD3 /* PBXContainerItemProxy */ = {
			isa = PBXContainerItemProxy;
			containerPortal = 2CF30AB029B0ADD800DF5CD3 /* Project object */;
			proxyType = 1;
			remoteGlobalIDString = 2CF30AB729B0ADD800DF5CD3;
			remoteInfo = costi;
		};
/* End PBXContainerItemProxy section */

/* Begin PBXFileReference section */
		2CF30AB829B0ADD800DF5CD3 /* costi.app */ = {isa = PBXFileReference; explicitFileType = wrapper.application; includeInIndex = 0; path = costi.app; sourceTree = BUILT_PRODUCTS_DIR; };
		2CF30ABB29B0ADD800DF5CD3 /* AppDelegate.swift */ = {isa = PBXFileReference; lastKnownFileType = sourcecode.swift; path = AppDelegate.swift; sourceTree = "<group>"; };
		2CF30ABD29B0ADD800DF5CD3 /* SceneDelegate.swift */ = {isa = PBXFileReference; lastKnownFileType = sourcecode.swift; path = SceneDelegate.swift; sourceTree = "<group>"; };
		2CF30ABF29B0ADD800DF5CD3 /* ViewController.swift */ = {isa = PBXFileReference; lastKnownFileType = sourcecode.swift; path = ViewController.swift; sourceTree = "<group>"; };
		2CF30AC229B0ADD800DF5CD3 /* Base */ = {isa = PBXFileReference; lastKnownFileType = file.storyboard; name = Base; path = Base.lproj/Main.storyboard; sourceTree = "<group>"; };
		2CF30AC429B0ADD900DF5CD3 /* Assets.xcassets */ = {isa = PBXFileReference; lastKnownFileType = folder.assetcatalog; path = Assets.xcassets; sourceTree = "<group>"; };
		2CF30AC729B0ADD900DF5CD3 /* Base */ = {isa = PBXFileReference; lastKnownFileType = file.storyboard; name = Base; path = Base.lproj/LaunchScreen.storyboard; sourceTree = "<group>"; };
		2CF30AC929B0ADD900DF5CD3 /* Info.plist */ = {isa = PBXFileReference; lastKnownFileType = text.plist.xml; path = Info.plist; sourceTree = "<group>"; };
		2CF30ACE29B0ADD900DF5CD3 /* costiTests.xctest */ = {isa = PBXFileReference; explicitFileType = wrapper.cfbundle; includeInIndex = 0; path = costiTests.xctest; sourceTree = BUILT_PRODUCTS_DIR; };
		2CF30AD229B0ADD900DF5CD3 /* costiTests.swift */ = {isa = PBXFileReference; lastKnownFileType = sourcecode.swift; path = costiTests.swift; sourceTree = "<group>"; };
		2CF30AD829B0ADD900DF5CD3 /* costiUITests.xctest */ = {isa = PBXFileReference; explicitFileType = wrapper.cfbundle; includeInIndex = 0; path = costiUITests.xctest; sourceTree = BUILT_PRODUCTS_DIR; };
		2CF30ADC29B0ADD900DF5CD3 /* costiUITests.swift */ = {isa = PBXFileReference; lastKnownFileType = sourcecode.swift; path = costiUITests.swift; sourceTree = "<group>"; };
		2CF30ADE29B0ADD900DF5CD3 /* costiUITestsLaunchTests.swift */ = {isa = PBXFileReference; lastKnownFileType = sourcecode.swift; path = costiUITestsLaunchTests.swift; sourceTree = "<group>"; };
		2CF30AEB29B0AEB400DF5CD3 /* GoogleService-Info.plist */ = {isa = PBXFileReference; fileEncoding = 4; lastKnownFileType = text.plist.xml; name = "GoogleService-Info.plist"; path = "../../../../../../../Downloads/GoogleService-Info.plist"; sourceTree = "<group>"; };
/* End PBXFileReference section */

/* Begin PBXFrameworksBuildPhase section */
		2CF30AB529B0ADD800DF5CD3 /* Frameworks */ = {
			isa = PBXFrameworksBuildPhase;
			buildActionMask = 2147483647;
			files = (
				2CF30AF129B0BE0900DF5CD3 /* FirebaseDatabase in Frameworks */,
				2CF30AF529B0BE0900DF5CD3 /* FirebaseStorage in Frameworks */,
				2CF30AEF29B0BE0900DF5CD3 /* FirebaseAnalytics in Frameworks */,
				2CF30AF329B0BE0900DF5CD3 /* FirebaseFirestore in Frameworks */,
			);
			runOnlyForDeploymentPostprocessing = 0;
		};
		2CF30ACB29B0ADD900DF5CD3 /* Frameworks */ = {
			isa = PBXFrameworksBuildPhase;
			buildActionMask = 2147483647;
			files = (
			);
			runOnlyForDeploymentPostprocessing = 0;
		};
		2CF30AD529B0ADD900DF5CD3 /* Frameworks */ = {
			isa = PBXFrameworksBuildPhase;
			buildActionMask = 2147483647;
			files = (
			);
			runOnlyForDeploymentPostprocessing = 0;
		};
/* End PBXFrameworksBuildPhase section */

/* Begin PBXGroup section */
		2CF30AAF29B0ADD800DF5CD3 = {
			isa = PBXGroup;
			children = (
				2CF30ABA29B0ADD800DF5CD3 /* costi */,
				2CF30AD129B0ADD900DF5CD3 /* costiTests */,
				2CF30ADB29B0ADD900DF5CD3 /* costiUITests */,
				2CF30AB929B0ADD800DF5CD3 /* Products */,
			);
			sourceTree = "<group>";
		};
		2CF30AB929B0ADD800DF5CD3 /* Products */ = {
			isa = PBXGroup;
			children = (
				2CF30AB829B0ADD800DF5CD3 /* costi.app */,
				2CF30ACE29B0ADD900DF5CD3 /* costiTests.xctest */,
				2CF30AD829B0ADD900DF5CD3 /* costiUITests.xctest */,
			);
			name = Products;
			sourceTree = "<group>";
		};
		2CF30ABA29B0ADD800DF5CD3 /* costi */ = {
			isa = PBXGroup;
			children = (
				2CF30ABB29B0ADD800DF5CD3 /* AppDelegate.swift */,
				2CF30ABD29B0ADD800DF5CD3 /* SceneDelegate.swift */,
				2CF30ABF29B0ADD800DF5CD3 /* ViewController.swift */,
				2CF30AC129B0ADD800DF5CD3 /* Main.storyboard */,
				2CF30AC429B0ADD900DF5CD3 /* Assets.xcassets */,
				2CF30AC629B0ADD900DF5CD3 /* LaunchScreen.storyboard */,
				2CF30AC929B0ADD900DF5CD3 /* Info.plist */,
				2CF30AEB29B0AEB400DF5CD3 /* GoogleService-Info.plist */,
			);
			path = costi;
			sourceTree = "<group>";
		};
		2CF30AD129B0ADD900DF5CD3 /* costiTests */ = {
			isa = PBXGroup;
			children = (
				2CF30AD229B0ADD900DF5CD3 /* costiTests.swift */,
			);
			path = costiTests;
			sourceTree = "<group>";
		};
		2CF30ADB29B0ADD900DF5CD3 /* costiUITests */ = {
			isa = PBXGroup;
			children = (
				2CF30ADC29B0ADD900DF5CD3 /* costiUITests.swift */,
				2CF30ADE29B0ADD900DF5CD3 /* costiUITestsLaunchTests.swift */,
			);
			path = costiUITests;
			sourceTree = "<group>";
		};
/* End PBXGroup section */

/* Begin PBXNativeTarget section */
		2CF30AB729B0ADD800DF5CD3 /* costi */ = {
			isa = PBXNativeTarget;
			buildConfigurationList = 2CF30AE229B0ADD900DF5CD3 /* Build configuration list for PBXNativeTarget "costi" */;
			buildPhases = (
				2CF30AB429B0ADD800DF5CD3 /* Sources */,
				2CF30AB529B0ADD800DF5CD3 /* Frameworks */,
				2CF30AB629B0ADD800DF5CD3 /* Resources */,
			);
			buildRules = (
			);
			dependencies = (
			);
			name = costi;
			packageProductDependencies = (
				2CF30AEE29B0BE0900DF5CD3 /* FirebaseAnalytics */,
				2CF30AF029B0BE0900DF5CD3 /* FirebaseDatabase */,
				2CF30AF229B0BE0900DF5CD3 /* FirebaseFirestore */,
				2CF30AF429B0BE0900DF5CD3 /* FirebaseStorage */,
			);
			productName = costi;
			productReference = 2CF30AB829B0ADD800DF5CD3 /* costi.app */;
			productType = "com.apple.product-type.application";
		};
		2CF30ACD29B0ADD900DF5CD3 /* costiTests */ = {
			isa = PBXNativeTarget;
			buildConfigurationList = 2CF30AE529B0ADD900DF5CD3 /* Build configuration list for PBXNativeTarget "costiTests" */;
			buildPhases = (
				2CF30ACA29B0ADD900DF5CD3 /* Sources */,
				2CF30ACB29B0ADD900DF5CD3 /* Frameworks */,
				2CF30ACC29B0ADD900DF5CD3 /* Resources */,
			);
			buildRules = (
			);
			dependencies = (
				2CF30AD029B0ADD900DF5CD3 /* PBXTargetDependency */,
			);
			name = costiTests;
			productName = costiTests;
			productReference = 2CF30ACE29B0ADD900DF5CD3 /* costiTests.xctest */;
			productType = "com.apple.product-type.bundle.unit-test";
		};
		2CF30AD729B0ADD900DF5CD3 /* costiUITests */ = {
			isa = PBXNativeTarget;
			buildConfigurationList = 2CF30AE829B0ADD900DF5CD3 /* Build configuration list for PBXNativeTarget "costiUITests" */;
			buildPhases = (
				2CF30AD429B0ADD900DF5CD3 /* Sources */,
				2CF30AD529B0ADD900DF5CD3 /* Frameworks */,
				2CF30AD629B0ADD900DF5CD3 /* Resources */,
			);
			buildRules = (
			);
			dependencies = (
				2CF30ADA29B0ADD900DF5CD3 /* PBXTargetDependency */,
			);
			name = costiUITests;
			productName = costiUITests;
			productReference = 2CF30AD829B0ADD900DF5CD3 /* costiUITests.xctest */;
			productType = "com.apple.product-type.bundle.ui-testing";
		};
/* End PBXNativeTarget section */

/* Begin PBXProject section */
		2CF30AB029B0ADD800DF5CD3 /* Project object */ = {
			isa = PBXProject;
			attributes = {
				BuildIndependentTargetsInParallel = 1;
				LastSwiftUpdateCheck = 1420;
				LastUpgradeCheck = 1420;
				TargetAttributes = {
					2CF30AB729B0ADD800DF5CD3 = {
						CreatedOnToolsVersion = 14.2;
					};
					2CF30ACD29B0ADD900DF5CD3 = {
						CreatedOnToolsVersion = 14.2;
						TestTargetID = 2CF30AB729B0ADD800DF5CD3;
					};
					2CF30AD729B0ADD900DF5CD3 = {
						CreatedOnToolsVersion = 14.2;
						TestTargetID = 2CF30AB729B0ADD800DF5CD3;
					};
				};
			};
			buildConfigurationList = 2CF30AB329B0ADD800DF5CD3 /* Build configuration list for PBXProject "costi" */;
			compatibilityVersion = "Xcode 14.0";
			developmentRegion = en;
			hasScannedForEncodings = 0;
			knownRegions = (
				en,
				Base,
			);
			mainGroup = 2CF30AAF29B0ADD800DF5CD3;
			packageReferences = (
				2CF30AED29B0BE0800DF5CD3 /* XCRemoteSwiftPackageReference "firebase-ios-sdk" */,
			);
			productRefGroup = 2CF30AB929B0ADD800DF5CD3 /* Products */;
			projectDirPath = "";
			projectRoot = "";
			targets = (
				2CF30AB729B0ADD800DF5CD3 /* costi */,
				2CF30ACD29B0ADD900DF5CD3 /* costiTests */,
				2CF30AD729B0ADD900DF5CD3 /* costiUITests */,
			);
		};
/* End PBXProject section */

/* Begin PBXResourcesBuildPhase section */
		2CF30AB629B0ADD800DF5CD3 /* Resources */ = {
			isa = PBXResourcesBuildPhase;
			buildActionMask = 2147483647;
			files = (
				2CF30AC829B0ADD900DF5CD3 /* LaunchScreen.storyboard in Resources */,
				2CF30AEC29B0AEB400DF5CD3 /* GoogleService-Info.plist in Resources */,
				2CF30AC529B0ADD900DF5CD3 /* Assets.xcassets in Resources */,
				2CF30AC329B0ADD800DF5CD3 /* Main.storyboard in Resources */,
			);
			runOnlyForDeploymentPostprocessing = 0;
		};
		2CF30ACC29B0ADD900DF5CD3 /* Resources */ = {
			isa = PBXResourcesBuildPhase;
			buildActionMask = 2147483647;
			files = (
			);
			runOnlyForDeploymentPostprocessing = 0;
		};
		2CF30AD629B0ADD900DF5CD3 /* Resources */ = {
			isa = PBXResourcesBuildPhase;
			buildActionMask = 2147483647;
			files = (
			);
			runOnlyForDeploymentPostprocessing = 0;
		};
/* End PBXResourcesBuildPhase section */

/* Begin PBXSourcesBuildPhase section */
		2CF30AB429B0ADD800DF5CD3 /* Sources */ = {
			isa = PBXSourcesBuildPhase;
			buildActionMask = 2147483647;
			files = (
				2CF30AC029B0ADD800DF5CD3 /* ViewController.swift in Sources */,
				2CF30ABC29B0ADD800DF5CD3 /* AppDelegate.swift in Sources */,
				2CF30ABE29B0ADD800DF5CD3 /* SceneDelegate.swift in Sources */,
			);
			runOnlyForDeploymentPostprocessing = 0;
		};
		2CF30ACA29B0ADD900DF5CD3 /* Sources */ = {
			isa = PBXSourcesBuildPhase;
			buildActionMask = 2147483647;
			files = (
				2CF30AD329B0ADD900DF5CD3 /* costiTests.swift in Sources */,
			);
			runOnlyForDeploymentPostprocessing = 0;
		};
		2CF30AD429B0ADD900DF5CD3 /* Sources */ = {
			isa = PBXSourcesBuildPhase;
			buildActionMask = 2147483647;
			files = (
				2CF30ADD29B0ADD900DF5CD3 /* costiUITests.swift in Sources */,
				2CF30ADF29B0ADD900DF5CD3 /* costiUITestsLaunchTests.swift in Sources */,
			);
			runOnlyForDeploymentPostprocessing = 0;
		};
/* End PBXSourcesBuildPhase section */

/* Begin PBXTargetDependency section */
		2CF30AD029B0ADD900DF5CD3 /* PBXTargetDependency */ = {
			isa = PBXTargetDependency;
			target = 2CF30AB729B0ADD800DF5CD3 /* costi */;
			targetProxy = 2CF30ACF29B0ADD900DF5CD3 /* PBXContainerItemProxy */;
		};
		2CF30ADA29B0ADD900DF5CD3 /* PBXTargetDependency */ = {
			isa = PBXTargetDependency;
			target = 2CF30AB729B0ADD800DF5CD3 /* costi */;
			targetProxy = 2CF30AD929B0ADD900DF5CD3 /* PBXContainerItemProxy */;
		};
/* End PBXTargetDependency section */

/* Begin PBXVariantGroup section */
		2CF30AC129B0ADD800DF5CD3 /* Main.storyboard */ = {
			isa = PBXVariantGroup;
			children = (
				2CF30AC229B0ADD800DF5CD3 /* Base */,
			);
			name = Main.storyboard;
			sourceTree = "<group>";
		};
		2CF30AC629B0ADD900DF5CD3 /* LaunchScreen.storyboard */ = {
			isa = PBXVariantGroup;
			children = (
				2CF30AC729B0ADD900DF5CD3 /* Base */,
			);
			name = LaunchScreen.storyboard;
			sourceTree = "<group>";
		};
/* End PBXVariantGroup section */

/* Begin XCBuildConfiguration section */
		2CF30AE029B0ADD900DF5CD3 /* Debug */ = {
			isa = XCBuildConfiguration;
			buildSettings = {
				ALWAYS_SEARCH_USER_PATHS = NO;
				CLANG_ANALYZER_NONNULL = YES;
				CLANG_ANALYZER_NUMBER_OBJECT_CONVERSION = YES_AGGRESSIVE;
				CLANG_CXX_LANGUAGE_STANDARD = "gnu++20";
				CLANG_ENABLE_MODULES = YES;
				CLANG_ENABLE_OBJC_ARC = YES;
				CLANG_ENABLE_OBJC_WEAK = YES;
				CLANG_WARN_BLOCK_CAPTURE_AUTORELEASING = YES;
				CLANG_WARN_BOOL_CONVERSION = YES;
				CLANG_WARN_COMMA = YES;
				CLANG_WARN_CONSTANT_CONVERSION = YES;
				CLANG_WARN_DEPRECATED_OBJC_IMPLEMENTATIONS = YES;
				CLANG_WARN_DIRECT_OBJC_ISA_USAGE = YES_ERROR;
				CLANG_WARN_DOCUMENTATION_COMMENTS = YES;
				CLANG_WARN_EMPTY_BODY = YES;
				CLANG_WARN_ENUM_CONVERSION = YES;
				CLANG_WARN_INFINITE_RECURSION = YES;
				CLANG_WARN_INT_CONVERSION = YES;
				CLANG_WARN_NON_LITERAL_NULL_CONVERSION = YES;
				CLANG_WARN_OBJC_IMPLICIT_RETAIN_SELF = YES;
				CLANG_WARN_OBJC_LITERAL_CONVERSION = YES;
				CLANG_WARN_OBJC_ROOT_CLASS = YES_ERROR;
				CLANG_WARN_QUOTED_INCLUDE_IN_FRAMEWORK_HEADER = YES;
				CLANG_WARN_RANGE_LOOP_ANALYSIS = YES;
				CLANG_WARN_STRICT_PROTOTYPES = YES;
				CLANG_WARN_SUSPICIOUS_MOVE = YES;
				CLANG_WARN_UNGUARDED_AVAILABILITY = YES_AGGRESSIVE;
				CLANG_WARN_UNREACHABLE_CODE = YES;
				CLANG_WARN__DUPLICATE_METHOD_MATCH = YES;
				COPY_PHASE_STRIP = NO;
				DEBUG_INFORMATION_FORMAT = dwarf;
				ENABLE_STRICT_OBJC_MSGSEND = YES;
				ENABLE_TESTABILITY = YES;
				GCC_C_LANGUAGE_STANDARD = gnu11;
				GCC_DYNAMIC_NO_PIC = NO;
				GCC_NO_COMMON_BLOCKS = YES;
				GCC_OPTIMIZATION_LEVEL = 0;
				GCC_PREPROCESSOR_DEFINITIONS = (
					"DEBUG=1",
					"$(inherited)",
				);
				GCC_WARN_64_TO_32_BIT_CONVERSION = YES;
				GCC_WARN_ABOUT_RETURN_TYPE = YES_ERROR;
				GCC_WARN_UNDECLARED_SELECTOR = YES;
				GCC_WARN_UNINITIALIZED_AUTOS = YES_AGGRESSIVE;
				GCC_WARN_UNUSED_FUNCTION = YES;
				GCC_WARN_UNUSED_VARIABLE = YES;
				IPHONEOS_DEPLOYMENT_TARGET = 16.2;
				MTL_ENABLE_DEBUG_INFO = INCLUDE_SOURCE;
				MTL_FAST_MATH = YES;
				ONLY_ACTIVE_ARCH = YES;
				SDKROOT = iphoneos;
				SWIFT_ACTIVE_COMPILATION_CONDITIONS = DEBUG;
				SWIFT_OPTIMIZATION_LEVEL = "-Onone";
			};
			name = Debug;
		};
		2CF30AE129B0ADD900DF5CD3 /* Release */ = {
			isa = XCBuildConfiguration;
			buildSettings = {
				ALWAYS_SEARCH_USER_PATHS = NO;
				CLANG_ANALYZER_NONNULL = YES;
				CLANG_ANALYZER_NUMBER_OBJECT_CONVERSION = YES_AGGRESSIVE;
				CLANG_CXX_LANGUAGE_STANDARD = "gnu++20";
				CLANG_ENABLE_MODULES = YES;
				CLANG_ENABLE_OBJC_ARC = YES;
				CLANG_ENABLE_OBJC_WEAK = YES;
				CLANG_WARN_BLOCK_CAPTURE_AUTORELEASING = YES;
				CLANG_WARN_BOOL_CONVERSION = YES;
				CLANG_WARN_COMMA = YES;
				CLANG_WARN_CONSTANT_CONVERSION = YES;
				CLANG_WARN_DEPRECATED_OBJC_IMPLEMENTATIONS = YES;
				CLANG_WARN_DIRECT_OBJC_ISA_USAGE = YES_ERROR;
				CLANG_WARN_DOCUMENTATION_COMMENTS = YES;
				CLANG_WARN_EMPTY_BODY = YES;
				CLANG_WARN_ENUM_CONVERSION = YES;
				CLANG_WARN_INFINITE_RECURSION = YES;
				CLANG_WARN_INT_CONVERSION = YES;
				CLANG_WARN_NON_LITERAL_NULL_CONVERSION = YES;
				CLANG_WARN_OBJC_IMPLICIT_RETAIN_SELF = YES;
				CLANG_WARN_OBJC_LITERAL_CONVERSION = YES;
				CLANG_WARN_OBJC_ROOT_CLASS = YES_ERROR;
				CLANG_WARN_QUOTED_INCLUDE_IN_FRAMEWORK_HEADER = YES;
				CLANG_WARN_RANGE_LOOP_ANALYSIS = YES;
				CLANG_WARN_STRICT_PROTOTYPES = YES;
				CLANG_WARN_SUSPICIOUS_MOVE = YES;
				CLANG_WARN_UNGUARDED_AVAILABILITY = YES_AGGRESSIVE;
				CLANG_WARN_UNREACHABLE_CODE = YES;
				CLANG_WARN__DUPLICATE_METHOD_MATCH = YES;
				COPY_PHASE_STRIP = NO;
				DEBUG_INFORMATION_FORMAT = "dwarf-with-dsym";
				ENABLE_NS_ASSERTIONS = NO;
				ENABLE_STRICT_OBJC_MSGSEND = YES;
				GCC_C_LANGUAGE_STANDARD = gnu11;
				GCC_NO_COMMON_BLOCKS = YES;
				GCC_WARN_64_TO_32_BIT_CONVERSION = YES;
				GCC_WARN_ABOUT_RETURN_TYPE = YES_ERROR;
				GCC_WARN_UNDECLARED_SELECTOR = YES;
				GCC_WARN_UNINITIALIZED_AUTOS = YES_AGGRESSIVE;
				GCC_WARN_UNUSED_FUNCTION = YES;
				GCC_WARN_UNUSED_VARIABLE = YES;
				IPHONEOS_DEPLOYMENT_TARGET = 16.2;
				MTL_ENABLE_DEBUG_INFO = NO;
				MTL_FAST_MATH = YES;
				SDKROOT = iphoneos;
				SWIFT_COMPILATION_MODE = wholemodule;
				SWIFT_OPTIMIZATION_LEVEL = "-O";
				VALIDATE_PRODUCT = YES;
			};
			name = Release;
		};
		2CF30AE329B0ADD900DF5CD3 /* Debug */ = {
			isa = XCBuildConfiguration;
			buildSettings = {
				ASSETCATALOG_COMPILER_APPICON_NAME = AppIcon;
				ASSETCATALOG_COMPILER_GLOBAL_ACCENT_COLOR_NAME = AccentColor;
				CODE_SIGN_STYLE = Automatic;
				CURRENT_PROJECT_VERSION = 1;
				DEVELOPMENT_TEAM = J5V4FRQ99J;
				GENERATE_INFOPLIST_FILE = YES;
				INFOPLIST_FILE = costi/Info.plist;
				INFOPLIST_KEY_UIApplicationSupportsIndirectInputEvents = YES;
				INFOPLIST_KEY_UILaunchStoryboardName = LaunchScreen;
				INFOPLIST_KEY_UIMainStoryboardFile = Main;
				INFOPLIST_KEY_UISupportedInterfaceOrientations_iPad = "UIInterfaceOrientationPortrait UIInterfaceOrientationPortraitUpsideDown UIInterfaceOrientationLandscapeLeft UIInterfaceOrientationLandscapeRight";
				INFOPLIST_KEY_UISupportedInterfaceOrientations_iPhone = "UIInterfaceOrientationPortrait UIInterfaceOrientationLandscapeLeft UIInterfaceOrientationLandscapeRight";
				IPHONEOS_DEPLOYMENT_TARGET = 16.2;
				LD_RUNPATH_SEARCH_PATHS = (
					"$(inherited)",
					"@executable_path/Frameworks",
				);
				MARKETING_VERSION = 1.0;
				PRODUCT_BUNDLE_IDENTIFIER = ru.piv.costi;
				PRODUCT_NAME = "$(TARGET_NAME)";
				SWIFT_EMIT_LOC_STRINGS = YES;
				SWIFT_VERSION = 5.0;
				TARGETED_DEVICE_FAMILY = "1,2";
			};
			name = Debug;
		};
		2CF30AE429B0ADD900DF5CD3 /* Release */ = {
			isa = XCBuildConfiguration;
			buildSettings = {
				ASSETCATALOG_COMPILER_APPICON_NAME = AppIcon;
				ASSETCATALOG_COMPILER_GLOBAL_ACCENT_COLOR_NAME = AccentColor;
				CODE_SIGN_STYLE = Automatic;
				CURRENT_PROJECT_VERSION = 1;
				DEVELOPMENT_TEAM = J5V4FRQ99J;
				GENERATE_INFOPLIST_FILE = YES;
				INFOPLIST_FILE = costi/Info.plist;
				INFOPLIST_KEY_UIApplicationSupportsIndirectInputEvents = YES;
				INFOPLIST_KEY_UILaunchStoryboardName = LaunchScreen;
				INFOPLIST_KEY_UIMainStoryboardFile = Main;
				INFOPLIST_KEY_UISupportedInterfaceOrientations_iPad = "UIInterfaceOrientationPortrait UIInterfaceOrientationPortraitUpsideDown UIInterfaceOrientationLandscapeLeft UIInterfaceOrientationLandscapeRight";
				INFOPLIST_KEY_UISupportedInterfaceOrientations_iPhone = "UIInterfaceOrientationPortrait UIInterfaceOrientationLandscapeLeft UIInterfaceOrientationLandscapeRight";
				IPHONEOS_DEPLOYMENT_TARGET = 16.2;
				LD_RUNPATH_SEARCH_PATHS = (
					"$(inherited)",
					"@executable_path/Frameworks",
				);
				MARKETING_VERSION = 1.0;
				PRODUCT_BUNDLE_IDENTIFIER = ru.piv.costi;
				PRODUCT_NAME = "$(TARGET_NAME)";
				SWIFT_EMIT_LOC_STRINGS = YES;
				SWIFT_VERSION = 5.0;
				TARGETED_DEVICE_FAMILY = "1,2";
			};
			name = Release;
		};
		2CF30AE629B0ADD900DF5CD3 /* Debug */ = {
			isa = XCBuildConfiguration;
			buildSettings = {
				ALWAYS_EMBED_SWIFT_STANDARD_LIBRARIES = YES;
				BUNDLE_LOADER = "$(TEST_HOST)";
				CODE_SIGN_STYLE = Automatic;
				CURRENT_PROJECT_VERSION = 1;
				DEVELOPMENT_TEAM = J5V4FRQ99J;
				GENERATE_INFOPLIST_FILE = YES;
				IPHONEOS_DEPLOYMENT_TARGET = 16.2;
				MARKETING_VERSION = 1.0;
				PRODUCT_BUNDLE_IDENTIFIER = ru.piv.costiTests;
				PRODUCT_NAME = "$(TARGET_NAME)";
				SWIFT_EMIT_LOC_STRINGS = NO;
				SWIFT_VERSION = 5.0;
				TARGETED_DEVICE_FAMILY = "1,2";
				TEST_HOST = "$(BUILT_PRODUCTS_DIR)/costi.app/$(BUNDLE_EXECUTABLE_FOLDER_PATH)/costi";
			};
			name = Debug;
		};
		2CF30AE729B0ADD900DF5CD3 /* Release */ = {
			isa = XCBuildConfiguration;
			buildSettings = {
				ALWAYS_EMBED_SWIFT_STANDARD_LIBRARIES = YES;
				BUNDLE_LOADER = "$(TEST_HOST)";
				CODE_SIGN_STYLE = Automatic;
				CURRENT_PROJECT_VERSION = 1;
				DEVELOPMENT_TEAM = J5V4FRQ99J;
				GENERATE_INFOPLIST_FILE = YES;
				IPHONEOS_DEPLOYMENT_TARGET = 16.2;
				MARKETING_VERSION = 1.0;
				PRODUCT_BUNDLE_IDENTIFIER = ru.piv.costiTests;
				PRODUCT_NAME = "$(TARGET_NAME)";
				SWIFT_EMIT_LOC_STRINGS = NO;
				SWIFT_VERSION = 5.0;
				TARGETED_DEVICE_FAMILY = "1,2";
				TEST_HOST = "$(BUILT_PRODUCTS_DIR)/costi.app/$(BUNDLE_EXECUTABLE_FOLDER_PATH)/costi";
			};
			name = Release;
		};
		2CF30AE929B0ADD900DF5CD3 /* Debug */ = {
			isa = XCBuildConfiguration;
			buildSettings = {
				ALWAYS_EMBED_SWIFT_STANDARD_LIBRARIES = YES;
				CODE_SIGN_STYLE = Automatic;
				CURRENT_PROJECT_VERSION = 1;
				DEVELOPMENT_TEAM = J5V4FRQ99J;
				GENERATE_INFOPLIST_FILE = YES;
				MARKETING_VERSION = 1.0;
				PRODUCT_BUNDLE_IDENTIFIER = ru.piv.costiUITests;
				PRODUCT_NAME = "$(TARGET_NAME)";
				SWIFT_EMIT_LOC_STRINGS = NO;
				SWIFT_VERSION = 5.0;
				TARGETED_DEVICE_FAMILY = "1,2";
				TEST_TARGET_NAME = costi;
			};
			name = Debug;
		};
		2CF30AEA29B0ADD900DF5CD3 /* Release */ = {
			isa = XCBuildConfiguration;
			buildSettings = {
				ALWAYS_EMBED_SWIFT_STANDARD_LIBRARIES = YES;
				CODE_SIGN_STYLE = Automatic;
				CURRENT_PROJECT_VERSION = 1;
				DEVELOPMENT_TEAM = J5V4FRQ99J;
				GENERATE_INFOPLIST_FILE = YES;
				MARKETING_VERSION = 1.0;
				PRODUCT_BUNDLE_IDENTIFIER = ru.piv.costiUITests;
				PRODUCT_NAME = "$(TARGET_NAME)";
				SWIFT_EMIT_LOC_STRINGS = NO;
				SWIFT_VERSION = 5.0;
				TARGETED_DEVICE_FAMILY = "1,2";
				TEST_TARGET_NAME = costi;
			};
			name = Release;
		};
/* End XCBuildConfiguration section */

/* Begin XCConfigurationList section */
		2CF30AB329B0ADD800DF5CD3 /* Build configuration list for PBXProject "costi" */ = {
			isa = XCConfigurationList;
			buildConfigurations = (
				2CF30AE029B0ADD900DF5CD3 /* Debug */,
				2CF30AE129B0ADD900DF5CD3 /* Release */,
			);
			defaultConfigurationIsVisible = 0;
			defaultConfigurationName = Release;
		};
		2CF30AE229B0ADD900DF5CD3 /* Build configuration list for PBXNativeTarget "costi" */ = {
			isa = XCConfigurationList;
			buildConfigurations = (
				2CF30AE329B0ADD900DF5CD3 /* Debug */,
				2CF30AE429B0ADD900DF5CD3 /* Release */,
			);
			defaultConfigurationIsVisible = 0;
			defaultConfigurationName = Release;
		};
		2CF30AE529B0ADD900DF5CD3 /* Build configuration list for PBXNativeTarget "costiTests" */ = {
			isa = XCConfigurationList;
			buildConfigurations = (
				2CF30AE629B0ADD900DF5CD3 /* Debug */,
				2CF30AE729B0ADD900DF5CD3 /* Release */,
			);
			defaultConfigurationIsVisible = 0;
			defaultConfigurationName = Release;
		};
		2CF30AE829B0ADD900DF5CD3 /* Build configuration list for PBXNativeTarget "costiUITests" */ = {
			isa = XCConfigurationList;
			buildConfigurations = (
				2CF30AE929B0ADD900DF5CD3 /* Debug */,
				2CF30AEA29B0ADD900DF5CD3 /* Release */,
			);
			defaultConfigurationIsVisible = 0;
			defaultConfigurationName = Release;
		};
/* End XCConfigurationList section */

/* Begin XCRemoteSwiftPackageReference section */
		2CF30AED29B0BE0800DF5CD3 /* XCRemoteSwiftPackageReference "firebase-ios-sdk" */ = {
			isa = XCRemoteSwiftPackageReference;
			repositoryURL = "https://github.com/firebase/firebase-ios-sdk";
			requirement = {
				kind = upToNextMajorVersion;
				minimumVersion = 9.0.0;
			};
		};
/* End XCRemoteSwiftPackageReference section */

/* Begin XCSwiftPackageProductDependency section */
		2CF30AEE29B0BE0900DF5CD3 /* FirebaseAnalytics */ = {
			isa = XCSwiftPackageProductDependency;
			package = 2CF30AED29B0BE0800DF5CD3 /* XCRemoteSwiftPackageReference "firebase-ios-sdk" */;
			productName = FirebaseAnalytics;
		};
		2CF30AF029B0BE0900DF5CD3 /* FirebaseDatabase */ = {
			isa = XCSwiftPackageProductDependency;
			package = 2CF30AED29B0BE0800DF5CD3 /* XCRemoteSwiftPackageReference "firebase-ios-sdk" */;
			productName = FirebaseDatabase;
		};
		2CF30AF229B0BE0900DF5CD3 /* FirebaseFirestore */ = {
			isa = XCSwiftPackageProductDependency;
			package = 2CF30AED29B0BE0800DF5CD3 /* XCRemoteSwiftPackageReference "firebase-ios-sdk" */;
			productName = FirebaseFirestore;
		};
		2CF30AF429B0BE0900DF5CD3 /* FirebaseStorage */ = {
			isa = XCSwiftPackageProductDependency;
			package = 2CF30AED29B0BE0800DF5CD3 /* XCRemoteSwiftPackageReference "firebase-ios-sdk" */;
			productName = FirebaseStorage;
		};
/* End XCSwiftPackageProductDependency section */
	};
	rootObject = 2CF30AB029B0ADD800DF5CD3 /* Project object */;
}
